
Microsoft Visual Studio Solution File, Format Version 12.00
# Visual Studio Version 17
VisualStudioVersion = 17.8.34330.188
MinimumVisualStudioVersion = 10.0.40219.1
Project("{FAE04EC0-301F-11D3-BF4B-00C04F79EFBC}") = "linkedlist", "linkedlist\linkedlist.csproj", "{EF383111-7A8E-47BD-A54D-A99089FB6B75}"
EndProject
Global
	GlobalSection(SolutionConfigurationPlatforms) = preSolution
		Debug|Any CPU = Debug|Any CPU
		Release|Any CPU = Release|Any CPU
	EndGlobalSection
	GlobalSection(ProjectConfigurationPlatforms) = postSolution
		{EF383111-7A8E-47BD-A54D-A99089FB6B75}.Debug|Any CPU.ActiveCfg = Debug|Any CPU
		{EF383111-7A8E-47BD-A54D-A99089FB6B75}.Debug|Any CPU.Build.0 = Debug|Any CPU
		{EF383111-7A8E-47BD-A54D-A99089FB6B75}.Release|Any CPU.ActiveCfg = Release|Any CPU
		{EF383111-7A8E-47BD-A54D-A99089FB6B75}.Release|Any CPU.Build.0 = Release|Any CPU
	EndGlobalSection
	GlobalSection(SolutionProperties) = preSolution
		HideSolutionNode = FALSE
	EndGlobalSection
	GlobalSection(ExtensibilityGlobals) = postSolution
		SolutionGuid = {3073507C-45B1-40FD-9C2B-3848AB551FE7}
	EndGlobalSection
EndGlobal
